<?xml version="1.0" encoding="utf-8"?>
<Project ToolsVersion="4.0" xmlns="http://schemas.microsoft.com/developer/msbuild/2003">
  <ItemGroup>
    <Filter Include="Resources">
      <UniqueIdentifier>{d76346de-be36-4e73-9e20-c041620ff0d1}</UniqueIdentifier>
    </Filter>
    <Filter Include="Source">
      <UniqueIdentifier>{c721d74b-61d3-4ae0-9d17-be739d070a1c}</UniqueIdentifier>
    </Filter>
    <Filter Include="Source\AI">
      <UniqueIdentifier>{2862674a-bd04-4b8b-a70f-a8b8695270ed}</UniqueIdentifier>
    </Filter>
    <Filter Include="Headers">
      <UniqueIdentifier>{52fa2e72-f3bc-4caa-b49a-e20981c398c2}</UniqueIdentifier>
    </Filter>
    <Filter Include="Source\Entities">
      <UniqueIdentifier>{5d050866-7c43-49a9-b89e-08bee9a88b7e}</UniqueIdentifier>
    </Filter>
    <Filter Include="Source\Model">
      <UniqueIdentifier>{21450eca-a12e-4993-9b45-fc18d5d8087e}</UniqueIdentifier>
    </Filter>
    <Filter Include="Headers\Entities">
      <UniqueIdentifier>{1b064da8-229f-4e1e-9e9a-4c57b8e6a617}</UniqueIdentifier>
    </Filter>
    <Filter Include="Headers\Model">
      <UniqueIdentifier>{7d2e21dc-8698-499d-ae9e-c13a16bbf1bd}</UniqueIdentifier>
    </Filter>
    <Filter Include="Headers\Utility">
      <UniqueIdentifier>{7e31f07d-42e2-4178-89e0-adabf3dc3ebc}</UniqueIdentifier>
    </Filter>
    <Filter Include="Resources\Textures">
      <UniqueIdentifier>{d3bc51d0-7fe3-4bbf-b005-8eb1db09c1c5}</UniqueIdentifier>
    </Filter>
    <Filter Include="Source\Utility">
      <UniqueIdentifier>{07e40881-c49f-4a14-9748-d4ca22168211}</UniqueIdentifier>
    </Filter>
    <Filter Include="Headers\AI">
      <UniqueIdentifier>{261e9702-c484-48b0-8d85-65ab45b5d6e0}</UniqueIdentifier>
    </Filter>
    <Filter Include="Resources\ImGui">
      <UniqueIdentifier>{155523b9-7600-4f45-8252-1cfc1e14fc4d}</UniqueIdentifier>
    </Filter>
    <Filter Include="Source\Utility\Logging">
      <UniqueIdentifier>{de948fe0-4e1e-45ae-b730-26b42b84c5e6}</UniqueIdentifier>
    </Filter>
    <Filter Include="Headers\Utility\Math">
      <UniqueIdentifier>{352a2dec-6798-4cba-b4be-f57c950d91c8}</UniqueIdentifier>
    </Filter>
    <Filter Include="Headers\Utility\Logging">
      <UniqueIdentifier>{2f22e412-1c52-4487-a685-3f6601b563f2}</UniqueIdentifier>
    </Filter>
    <Filter Include="Headers\Graphics">
      <UniqueIdentifier>{2f7fa502-0005-4b57-9ae7-e3a29d7d431f}</UniqueIdentifier>
    </Filter>
    <Filter Include="Source\Graphics">
      <UniqueIdentifier>{e01ae401-d126-410f-b38c-e343af49a2c4}</UniqueIdentifier>
    </Filter>
  </ItemGroup>
  <ItemGroup>
    <ClCompile Include="WinMain.cpp">
      <Filter>Source</Filter>
    </ClCompile>
    <ClCompile Include="..\External\imgui\imgui.cpp">
      <Filter>Resources\ImGui</Filter>
    </ClCompile>
    <ClCompile Include="..\External\imgui\imgui_draw.cpp">
      <Filter>Resources\ImGui</Filter>
    </ClCompile>
    <ClCompile Include="..\External\imgui\imgui_impl_dx11.cpp">
      <Filter>Resources\ImGui</Filter>
    </ClCompile>
    <ClCompile Include="..\External\imgui\imgui_impl_win32.cpp">
      <Filter>Resources\ImGui</Filter>
    </ClCompile>
    <ClCompile Include="..\External\imgui\imgui_widgets.cpp">
      <Filter>Resources\ImGui</Filter>
    </ClCompile>
    <ClCompile Include="AI\AIManager.cpp">
      <Filter>Source\AI</Filter>
    </ClCompile>
    <ClCompile Include="AI\PathFinder.cpp">
      <Filter>Source\AI</Filter>
    </ClCompile>
    <ClCompile Include="AI\SteeringBehaviour.cpp">
      <Filter>Source\AI</Filter>
    </ClCompile>
    <ClCompile Include="AI\Waypoint.cpp">
      <Filter>Source\AI</Filter>
    </ClCompile>
    <ClCompile Include="Entities\Background.cpp">
      <Filter>Source\Entities</Filter>
    </ClCompile>
    <ClCompile Include="Entities\Vehicle.cpp">
      <Filter>Source\Entities</Filter>
    </ClCompile>
    <ClCompile Include="Model\DrawableGameObject.cpp">
      <Filter>Source\Model</Filter>
    </ClCompile>
    <ClCompile Include="Model\DDSTextureLoader.cpp">
      <Filter>Source\Model</Filter>
    </ClCompile>
    <ClCompile Include="Utility\Logging\StringConverter.cpp">
      <Filter>Source\Utility\Logging</Filter>
    </ClCompile>
    <ClCompile Include="Utility\Logging\ErrorLogger.cpp">
      <Filter>Source\Utility\Logging</Filter>
    </ClCompile>
    <ClCompile Include="Graphics\Graphics.cpp">
      <Filter>Source\Graphics</Filter>
    </ClCompile>
    <ClCompile Include="Graphics\Shaders.cpp">
      <Filter>Source\Graphics</Filter>
    </ClCompile>
    <ClCompile Include="Utility\Logging\Timer.cpp">
      <Filter>Source\Utility\Logging</Filter>
    </ClCompile>
    <ClCompile Include="Graphics\ImGuiManager.cpp">
      <Filter>Source\Graphics</Filter>
    </ClCompile>
  </ItemGroup>
  <ItemGroup>
    <ClInclude Include="..\External\imgui\imconfig.h">
      <Filter>Resources\ImGui</Filter>
    </ClInclude>
    <ClInclude Include="..\External\imgui\imgui.h">
      <Filter>Resources\ImGui</Filter>
    </ClInclude>
    <ClInclude Include="..\External\imgui\imgui_impl_dx11.h">
      <Filter>Resources\ImGui</Filter>
    </ClInclude>
    <ClInclude Include="..\External\imgui\imgui_impl_win32.h">
      <Filter>Resources\ImGui</Filter>
    </ClInclude>
    <ClInclude Include="..\External\imgui\imgui_internal.h">
      <Filter>Resources\ImGui</Filter>
    </ClInclude>
    <ClInclude Include="..\External\imgui\imstb_rectpack.h">
      <Filter>Resources\ImGui</Filter>
    </ClInclude>
    <ClInclude Include="..\External\imgui\imstb_textedit.h">
      <Filter>Resources\ImGui</Filter>
    </ClInclude>
    <ClInclude Include="..\External\imgui\imstb_truetype.h">
      <Filter>Resources\ImGui</Filter>
    </ClInclude>
    <ClInclude Include="AI\AIManager.h">
      <Filter>Headers\AI</Filter>
    </ClInclude>
    <ClInclude Include="AI\PathFinder.h">
      <Filter>Headers\AI</Filter>
    </ClInclude>
    <ClInclude Include="AI\SteeringBehaviour.h">
      <Filter>Headers\AI</Filter>
    </ClInclude>
    <ClInclude Include="AI\Waypoint.h">
      <Filter>Headers\AI</Filter>
    </ClInclude>
    <ClInclude Include="Entities\Background.h">
      <Filter>Headers\Entities</Filter>
    </ClInclude>
    <ClInclude Include="Entities\MovingEntity.h">
      <Filter>Headers\Entities</Filter>
    </ClInclude>
    <ClInclude Include="Entities\Obstacle.h">
      <Filter>Headers\Entities</Filter>
    </ClInclude>
    <ClInclude Include="Entities\PickupItem.h">
      <Filter>Headers\Entities</Filter>
    </ClInclude>
    <ClInclude Include="Entities\Vehicle.h">
      <Filter>Headers\Entities</Filter>
    </ClInclude>
    <ClInclude Include="Model\DDSTextureLoader.h">
      <Filter>Headers\Model</Filter>
    </ClInclude>
    <ClInclude Include="Model\DrawableGameObject.h">
      <Filter>Headers\Model</Filter>
    </ClInclude>
    <ClInclude Include="Utility\Logging\ErrorLogger.h">
      <Filter>Headers\Utility\Logging</Filter>
    </ClInclude>
    <ClInclude Include="Utility\Logging\StringConverter.h">
      <Filter>Headers\Utility\Logging</Filter>
    </ClInclude>
    <ClInclude Include="Utility\Math\C2DMatrix.h">
      <Filter>Headers\Utility\Math</Filter>
    </ClInclude>
    <ClInclude Include="Utility\Math\Vector2D.h">
      <Filter>Headers\Utility\Math</Filter>
    </ClInclude>
    <ClInclude Include="Utility\Structures.h">
      <Filter>Headers\Utility</Filter>
    </ClInclude>
    <ClInclude Include="Utility\Utility.h">
      <Filter>Headers\Utility</Filter>
    </ClInclude>
    <ClInclude Include="Resources\resource.h">
      <Filter>Resources</Filter>
    </ClInclude>
    <ClInclude Include="Utility\Logging\COMException.h">
      <Filter>Headers\Utility\Logging</Filter>
    </ClInclude>
    <ClInclude Include="Utility\Math\Transformations.h">
      <Filter>Headers\Utility\Math</Filter>
    </ClInclude>
    <ClInclude Include="Utility\EntityTemplates.h">
      <Filter>Headers\Utility</Filter>
    </ClInclude>
    <ClInclude Include="Graphics\SwapChain.h">
      <Filter>Headers\Graphics</Filter>
    </ClInclude>
    <ClInclude Include="Graphics\GraphicsResource.h">
      <Filter>Headers\Graphics</Filter>
    </ClInclude>
    <ClInclude Include="Graphics\Graphics.h">
      <Filter>Headers\Graphics</Filter>
    </ClInclude>
    <ClInclude Include="Graphics\Shaders.h">
      <Filter>Headers\Graphics</Filter>
    </ClInclude>
    <ClInclude Include="Graphics\DepthStencil.h">
      <Filter>Headers\Graphics</Filter>
    </ClInclude>
    <ClInclude Include="Graphics\Rasterizer.h">
      <Filter>Headers\Graphics</Filter>
    </ClInclude>
    <ClInclude Include="Graphics\RenderTarget.h">
      <Filter>Headers\Graphics</Filter>
    </ClInclude>
    <ClInclude Include="Graphics\Viewport.h">
      <Filter>Headers\Graphics</Filter>
    </ClInclude>
    <ClInclude Include="Graphics\Sampler.h">
      <Filter>Headers\Graphics</Filter>
    </ClInclude>
    <ClInclude Include="Utility\Logging\Timer.h">
      <Filter>Headers\Utility\Logging</Filter>
    </ClInclude>
    <ClInclude Include="Graphics\ImGuiManager.h">
      <Filter>Headers\Graphics</Filter>
    </ClInclude>
    <ClInclude Include="WinMain.h">
      <Filter>Headers</Filter>
    </ClInclude>
    <ClInclude Include="AI\Path.h">
      <Filter>Headers\AI</Filter>
    </ClInclude>
    <ClInclude Include="Entities\Crosshair.h">
      <Filter>Headers\Entities</Filter>
    </ClInclude>
  </ItemGroup>
  <ItemGroup>
    <Image Include="Resources\Textures\blue.dds">
      <Filter>Resources\Textures</Filter>
    </Image>
    <Image Include="Resources\Textures\car_blue.dds">
      <Filter>Resources\Textures</Filter>
    </Image>
    <Image Include="Resources\Textures\floor.dds">
      <Filter>Resources\Textures</Filter>
    </Image>
    <Image Include="Resources\Textures\green.dds">
      <Filter>Resources\Textures</Filter>
    </Image>
    <Image Include="Resources\Textures\pickup.dds">
      <Filter>Resources\Textures</Filter>
    </Image>
    <Image Include="Resources\Textures\red.dds">
      <Filter>Resources\Textures</Filter>
    </Image>
    <Image Include="Resources\Textures\stone.dds">
      <Filter>Resources\Textures</Filter>
    </Image>
    <Image Include="Resources\Textures\track.dds">
      <Filter>Resources\Textures</Filter>
    </Image>
    <Image Include="Resources\Textures\yellow.dds">
      <Filter>Resources\Textures</Filter>
    </Image>
    <Image Include="Resources\Textures\tyre.dds">
      <Filter>Resources\Textures</Filter>
    </Image>
    <Image Include="directx.ico">
      <Filter>Resources</Filter>
    </Image>
  </ItemGroup>
  <ItemGroup>
    <FxCompile Include="Resources\shader.fx">
      <Filter>Resources</Filter>
    </FxCompile>
  </ItemGroup>
  <ItemGroup>
    <ResourceCompile Include="AI Framework.rc">
      <Filter>Resources</Filter>
    </ResourceCompile>
  </ItemGroup>
  <ItemGroup>
    <None Include="ClassDiagram.cd">
      <Filter>Resources</Filter>
    </None>
  </ItemGroup>
</Project>